
Microsoft Visual Studio Solution File, Format Version 12.00
# Visual Studio Version 16
VisualStudioVersion = 16.0.30621.155
MinimumVisualStudioVersion = 10.0.40219.1
Project("{FAE04EC0-301F-11D3-BF4B-00C04F79EFBC}") = "BaiTapVeNha", "BaiTapVeNha\BaiTapVeNha.csproj", "{2DBF8796-A7DB-4667-A7B3-26B35D5DB0EE}"
EndProject
Global
	GlobalSection(SolutionConfigurationPlatforms) = preSolution
		Debug|Any CPU = Debug|Any CPU
		Release|Any CPU = Release|Any CPU
	EndGlobalSection
	GlobalSection(ProjectConfigurationPlatforms) = postSolution
		{2DBF8796-A7DB-4667-A7B3-26B35D5DB0EE}.Debug|Any CPU.ActiveCfg = Debug|Any CPU
		{2DBF8796-A7DB-4667-A7B3-26B35D5DB0EE}.Debug|Any CPU.Build.0 = Debug|Any CPU
		{2DBF8796-A7DB-4667-A7B3-26B35D5DB0EE}.Release|Any CPU.ActiveCfg = Release|Any CPU
		{2DBF8796-A7DB-4667-A7B3-26B35D5DB0EE}.Release|Any CPU.Build.0 = Release|Any CPU
	EndGlobalSection
	GlobalSection(SolutionProperties) = preSolution
		HideSolutionNode = FALSE
	EndGlobalSection
	GlobalSection(ExtensibilityGlobals) = postSolution
		SolutionGuid = {37FACC4A-4BF9-41B6-9301-8C9FB35DEF1B}
	EndGlobalSection
EndGlobal
